
Microsoft Visual Studio Solution File, Format Version 12.00
# Visual Studio Version 16
VisualStudioVersion = 16.0.30517.126
MinimumVisualStudioVersion = 10.0.40219.1
Project("{9A19103F-16F7-4668-BE54-9A1E7A4F7556}") = "ClearFolder", "ClearFolder\ClearFolder.csproj", "{A150C1CF-6679-4834-A04E-E487E36874B7}"
EndProject
Project("{9A19103F-16F7-4668-BE54-9A1E7A4F7556}") = "CreateDirectory", "CreateDirectory\CreateDirectory.csproj", "{8E43A428-1B95-4A3B-ADAD-8E8F2B1133EA}"
EndProject
Project("{FAE04EC0-301F-11D3-BF4B-00C04F79EFBC}") = "CreateFile", "CreateFile\CreateFile.csproj", "{7E3A23AF-CC2A-4EFB-8F71-49FAFA2C4E65}"
EndProject
Project("{FAE04EC0-301F-11D3-BF4B-00C04F79EFBC}") = "MoveFile", "MoveFile\MoveFile.csproj", "{C80EEE8D-FE6A-4AB5-AD1E-D704E2152171}"
EndProject
Project("{FAE04EC0-301F-11D3-BF4B-00C04F79EFBC}") = "DeleteFile", "DeleteFile\DeleteFile.csproj", "{36C2FD34-E296-406C-B015-F411B9891CA6}"
EndProject
Global
	GlobalSection(SolutionConfigurationPlatforms) = preSolution
		Debug|Any CPU = Debug|Any CPU
		Release|Any CPU = Release|Any CPU
	EndGlobalSection
	GlobalSection(ProjectConfigurationPlatforms) = postSolution
		{A150C1CF-6679-4834-A04E-E487E36874B7}.Debug|Any CPU.ActiveCfg = Debug|Any CPU
		{A150C1CF-6679-4834-A04E-E487E36874B7}.Debug|Any CPU.Build.0 = Debug|Any CPU
		{A150C1CF-6679-4834-A04E-E487E36874B7}.Release|Any CPU.ActiveCfg = Release|Any CPU
		{A150C1CF-6679-4834-A04E-E487E36874B7}.Release|Any CPU.Build.0 = Release|Any CPU
		{8E43A428-1B95-4A3B-ADAD-8E8F2B1133EA}.Debug|Any CPU.ActiveCfg = Debug|Any CPU
		{8E43A428-1B95-4A3B-ADAD-8E8F2B1133EA}.Debug|Any CPU.Build.0 = Debug|Any CPU
		{8E43A428-1B95-4A3B-ADAD-8E8F2B1133EA}.Release|Any CPU.ActiveCfg = Release|Any CPU
		{8E43A428-1B95-4A3B-ADAD-8E8F2B1133EA}.Release|Any CPU.Build.0 = Release|Any CPU
		{7E3A23AF-CC2A-4EFB-8F71-49FAFA2C4E65}.Debug|Any CPU.ActiveCfg = Debug|Any CPU
		{7E3A23AF-CC2A-4EFB-8F71-49FAFA2C4E65}.Debug|Any CPU.Build.0 = Debug|Any CPU
		{7E3A23AF-CC2A-4EFB-8F71-49FAFA2C4E65}.Release|Any CPU.ActiveCfg = Release|Any CPU
		{7E3A23AF-CC2A-4EFB-8F71-49FAFA2C4E65}.Release|Any CPU.Build.0 = Release|Any CPU
		{C80EEE8D-FE6A-4AB5-AD1E-D704E2152171}.Debug|Any CPU.ActiveCfg = Debug|Any CPU
		{C80EEE8D-FE6A-4AB5-AD1E-D704E2152171}.Debug|Any CPU.Build.0 = Debug|Any CPU
		{C80EEE8D-FE6A-4AB5-AD1E-D704E2152171}.Release|Any CPU.ActiveCfg = Release|Any CPU
		{C80EEE8D-FE6A-4AB5-AD1E-D704E2152171}.Release|Any CPU.Build.0 = Release|Any CPU
		{36C2FD34-E296-406C-B015-F411B9891CA6}.Debug|Any CPU.ActiveCfg = Debug|Any CPU
		{36C2FD34-E296-406C-B015-F411B9891CA6}.Debug|Any CPU.Build.0 = Debug|Any CPU
		{36C2FD34-E296-406C-B015-F411B9891CA6}.Release|Any CPU.ActiveCfg = Release|Any CPU
		{36C2FD34-E296-406C-B015-F411B9891CA6}.Release|Any CPU.Build.0 = Release|Any CPU
	EndGlobalSection
	GlobalSection(SolutionProperties) = preSolution
		HideSolutionNode = FALSE
	EndGlobalSection
	GlobalSection(ExtensibilityGlobals) = postSolution
		SolutionGuid = {ACF0732F-47EF-4D8E-840F-9F55B7D93D4E}
	EndGlobalSection
EndGlobal
